
Microsoft Visual Studio Solution File, Format Version 12.00
# Visual Studio Version 17
VisualStudioVersion = 17.0.31903.59
MinimumVisualStudioVersion = 10.0.40219.1
Project("{F2A71F9B-5D33-465A-A702-920D77279786}") = "Day1", "Day1\Day1.fsproj", "{99C766C3-B1AD-4DEF-B39E-FF37C5F32737}"
EndProject
Project("{F2A71F9B-5D33-465A-A702-920D77279786}") = "Day2", "Day2\Day2.fsproj", "{8333DE81-7905-4DA2-AC68-D2360EFFAE1E}"
EndProject
Project("{F2A71F9B-5D33-465A-A702-920D77279786}") = "Day3", "Day3\Day3.fsproj", "{0A309BF2-D3B9-41EC-8BD0-9E1D78AFB66F}"
EndProject
Project("{F2A71F9B-5D33-465A-A702-920D77279786}") = "Day4", "Day4\Day4.fsproj", "{34FF2925-DC69-49D1-B1A1-898AD0A3336E}"
EndProject
Project("{F2A71F9B-5D33-465A-A702-920D77279786}") = "Day5", "Day5\Day5.fsproj", "{13436B26-352C-4730-991C-AEC89CE0FC17}"
EndProject
Project("{F2A71F9B-5D33-465A-A702-920D77279786}") = "Day6", "Day6\Day6.fsproj", "{4FD3910F-3B8D-4F97-A2DD-6D315D954CA7}"
EndProject
Project("{F2A71F9B-5D33-465A-A702-920D77279786}") = "Day7", "Day7\Day7.fsproj", "{4567D9AD-1B49-42D1-8DC9-75FC0DE73ADA}"
EndProject
Project("{F2A71F9B-5D33-465A-A702-920D77279786}") = "Day8", "Day8\Day8.fsproj", "{9E2FE725-F83E-4727-8D34-D04F849D6B92}"
EndProject
Project("{F2A71F9B-5D33-465A-A702-920D77279786}") = "Day9", "Day9\Day9.fsproj", "{EAC525B1-C0BC-42E6-8686-69184C10AE85}"
EndProject
Project("{F2A71F9B-5D33-465A-A702-920D77279786}") = "Day10", "Day10\Day10.fsproj", "{1CE76101-8177-4DFC-90CB-EEB604996B0D}"
EndProject
Project("{F2A71F9B-5D33-465A-A702-920D77279786}") = "Day11", "Day11\Day11.fsproj", "{E8DA6C3A-54A5-4615-BC29-6F69068ABFCB}"
EndProject
Project("{F2A71F9B-5D33-465A-A702-920D77279786}") = "Day12", "Day12\Day12.fsproj", "{A3D2C593-025E-4191-A354-38AA5C48CDCE}"
EndProject
Global
	GlobalSection(SolutionConfigurationPlatforms) = preSolution
		Debug|Any CPU = Debug|Any CPU
		Release|Any CPU = Release|Any CPU
	EndGlobalSection
	GlobalSection(SolutionProperties) = preSolution
		HideSolutionNode = FALSE
	EndGlobalSection
	GlobalSection(ProjectConfigurationPlatforms) = postSolution
		{52761B9A-C9FE-4A76-9818-FC8187555292}.Debug|Any CPU.ActiveCfg = Debug|Any CPU
		{52761B9A-C9FE-4A76-9818-FC8187555292}.Debug|Any CPU.Build.0 = Debug|Any CPU
		{52761B9A-C9FE-4A76-9818-FC8187555292}.Release|Any CPU.ActiveCfg = Release|Any CPU
		{52761B9A-C9FE-4A76-9818-FC8187555292}.Release|Any CPU.Build.0 = Release|Any CPU
		{8333DE81-7905-4DA2-AC68-D2360EFFAE1E}.Debug|Any CPU.ActiveCfg = Debug|Any CPU
		{8333DE81-7905-4DA2-AC68-D2360EFFAE1E}.Debug|Any CPU.Build.0 = Debug|Any CPU
		{8333DE81-7905-4DA2-AC68-D2360EFFAE1E}.Release|Any CPU.ActiveCfg = Release|Any CPU
		{8333DE81-7905-4DA2-AC68-D2360EFFAE1E}.Release|Any CPU.Build.0 = Release|Any CPU
		{99C766C3-B1AD-4DEF-B39E-FF37C5F32737}.Debug|Any CPU.ActiveCfg = Debug|Any CPU
		{99C766C3-B1AD-4DEF-B39E-FF37C5F32737}.Debug|Any CPU.Build.0 = Debug|Any CPU
		{99C766C3-B1AD-4DEF-B39E-FF37C5F32737}.Release|Any CPU.ActiveCfg = Release|Any CPU
		{99C766C3-B1AD-4DEF-B39E-FF37C5F32737}.Release|Any CPU.Build.0 = Release|Any CPU
		{0A309BF2-D3B9-41EC-8BD0-9E1D78AFB66F}.Debug|Any CPU.ActiveCfg = Debug|Any CPU
		{0A309BF2-D3B9-41EC-8BD0-9E1D78AFB66F}.Debug|Any CPU.Build.0 = Debug|Any CPU
		{0A309BF2-D3B9-41EC-8BD0-9E1D78AFB66F}.Release|Any CPU.ActiveCfg = Release|Any CPU
		{0A309BF2-D3B9-41EC-8BD0-9E1D78AFB66F}.Release|Any CPU.Build.0 = Release|Any CPU
		{34FF2925-DC69-49D1-B1A1-898AD0A3336E}.Debug|Any CPU.ActiveCfg = Debug|Any CPU
		{34FF2925-DC69-49D1-B1A1-898AD0A3336E}.Debug|Any CPU.Build.0 = Debug|Any CPU
		{34FF2925-DC69-49D1-B1A1-898AD0A3336E}.Release|Any CPU.ActiveCfg = Release|Any CPU
		{34FF2925-DC69-49D1-B1A1-898AD0A3336E}.Release|Any CPU.Build.0 = Release|Any CPU
		{4567D9AD-1B49-42D1-8DC9-75FC0DE73ADA}.Debug|Any CPU.ActiveCfg = Debug|Any CPU
		{4567D9AD-1B49-42D1-8DC9-75FC0DE73ADA}.Debug|Any CPU.Build.0 = Debug|Any CPU
		{4567D9AD-1B49-42D1-8DC9-75FC0DE73ADA}.Release|Any CPU.ActiveCfg = Release|Any CPU
		{4567D9AD-1B49-42D1-8DC9-75FC0DE73ADA}.Release|Any CPU.Build.0 = Release|Any CPU
		{9E2FE725-F83E-4727-8D34-D04F849D6B92}.Debug|Any CPU.ActiveCfg = Debug|Any CPU
		{9E2FE725-F83E-4727-8D34-D04F849D6B92}.Debug|Any CPU.Build.0 = Debug|Any CPU
		{9E2FE725-F83E-4727-8D34-D04F849D6B92}.Release|Any CPU.ActiveCfg = Release|Any CPU
		{9E2FE725-F83E-4727-8D34-D04F849D6B92}.Release|Any CPU.Build.0 = Release|Any CPU
		{4FD3910F-3B8D-4F97-A2DD-6D315D954CA7}.Debug|Any CPU.ActiveCfg = Debug|Any CPU
		{4FD3910F-3B8D-4F97-A2DD-6D315D954CA7}.Debug|Any CPU.Build.0 = Debug|Any CPU
		{4FD3910F-3B8D-4F97-A2DD-6D315D954CA7}.Release|Any CPU.ActiveCfg = Release|Any CPU
		{4FD3910F-3B8D-4F97-A2DD-6D315D954CA7}.Release|Any CPU.Build.0 = Release|Any CPU
		{EAC525B1-C0BC-42E6-8686-69184C10AE85}.Debug|Any CPU.ActiveCfg = Debug|Any CPU
		{EAC525B1-C0BC-42E6-8686-69184C10AE85}.Debug|Any CPU.Build.0 = Debug|Any CPU
		{EAC525B1-C0BC-42E6-8686-69184C10AE85}.Release|Any CPU.ActiveCfg = Release|Any CPU
		{EAC525B1-C0BC-42E6-8686-69184C10AE85}.Release|Any CPU.Build.0 = Release|Any CPU
		{13436B26-352C-4730-991C-AEC89CE0FC17}.Debug|Any CPU.ActiveCfg = Debug|Any CPU
		{13436B26-352C-4730-991C-AEC89CE0FC17}.Debug|Any CPU.Build.0 = Debug|Any CPU
		{13436B26-352C-4730-991C-AEC89CE0FC17}.Release|Any CPU.ActiveCfg = Release|Any CPU
		{13436B26-352C-4730-991C-AEC89CE0FC17}.Release|Any CPU.Build.0 = Release|Any CPU
		{1CE76101-8177-4DFC-90CB-EEB604996B0D}.Debug|Any CPU.ActiveCfg = Debug|Any CPU
		{1CE76101-8177-4DFC-90CB-EEB604996B0D}.Debug|Any CPU.Build.0 = Debug|Any CPU
		{1CE76101-8177-4DFC-90CB-EEB604996B0D}.Release|Any CPU.ActiveCfg = Release|Any CPU
		{1CE76101-8177-4DFC-90CB-EEB604996B0D}.Release|Any CPU.Build.0 = Release|Any CPU
		{E8DA6C3A-54A5-4615-BC29-6F69068ABFCB}.Debug|Any CPU.ActiveCfg = Debug|Any CPU
		{E8DA6C3A-54A5-4615-BC29-6F69068ABFCB}.Debug|Any CPU.Build.0 = Debug|Any CPU
		{E8DA6C3A-54A5-4615-BC29-6F69068ABFCB}.Release|Any CPU.ActiveCfg = Release|Any CPU
		{E8DA6C3A-54A5-4615-BC29-6F69068ABFCB}.Release|Any CPU.Build.0 = Release|Any CPU
		{A3D2C593-025E-4191-A354-38AA5C48CDCE}.Debug|Any CPU.ActiveCfg = Debug|Any CPU
		{A3D2C593-025E-4191-A354-38AA5C48CDCE}.Debug|Any CPU.Build.0 = Debug|Any CPU
		{A3D2C593-025E-4191-A354-38AA5C48CDCE}.Release|Any CPU.ActiveCfg = Release|Any CPU
		{A3D2C593-025E-4191-A354-38AA5C48CDCE}.Release|Any CPU.Build.0 = Release|Any CPU
	EndGlobalSection
EndGlobal
